<?xml version="1.0" encoding="utf-8"?>
<Project ToolsVersion="4.0" xmlns="http://schemas.microsoft.com/developer/msbuild/2003">
  <ItemGroup>
    <Filter Include="include">
      <UniqueIdentifier>{ccae28cc-7b32-40d5-ae37-772c78408574}</UniqueIdentifier>
    </Filter>
    <Filter Include="src">
      <UniqueIdentifier>{4FC737F1-C7A5-4376-A066-2A32D752A2FF}</UniqueIdentifier>
      <Extensions>cpp;c;cc;cxx;c++;cppm;ixx;def;odl;idl;hpj;bat;asm;asmx</Extensions>
    </Filter>
  </ItemGroup>
  <ItemGroup>
    <ClCompile Include="src\data-aggregator.cpp">
      <Filter>src</Filter>
    </ClCompile>
    <ClCompile Include="src\data-processor.cpp">
      <Filter>src</Filter>
    </ClCompile>
    <ClCompile Include="src\number-generator.cpp">
      <Filter>src</Filter>
    </ClCompile>
    <ClCompile Include="queue-test.cpp">
      <Filter>src</Filter>
    </ClCompile>
  </ItemGroup>
  <ItemGroup>
    <ClInclude Include="include\data-aggregator.h">
      <Filter>include</Filter>
    </ClInclude>
    <ClInclude Include="include\data-processor.h">
      <Filter>include</Filter>
    </ClInclude>
    <ClInclude Include="include\number-generator.h">
      <Filter>include</Filter>
    </ClInclude>
    <ClInclude Include="include\generic-queue.h">
      <Filter>include</Filter>
    </ClInclude>
    <ClInclude Include="include\state.h">
      <Filter>include</Filter>
    </ClInclude>
  </ItemGroup>
</Project>